
Microsoft Visual Studio Solution File, Format Version 12.00
# Visual Studio Version 17
VisualStudioVersion = 17.1.32407.343
MinimumVisualStudioVersion = 10.0.40219.1
Project("{9A19103F-16F7-4668-BE54-9A1E7A4F7556}") = "HAL.Documentation.SimpleApplication", "HAL.Documentation.SimpleApplication\HAL.Documentation.SimpleApplication.csproj", "{9B53A959-4E08-4AAD-85A5-35FC1BF1C365}"
EndProject
Project("{9A19103F-16F7-4668-BE54-9A1E7A4F7556}") = "HAL.Documentation.OptiTrack", "HAL.Documentation.Optitrack\HAL.Documentation.OptiTrack.csproj", "{518A9036-3954-4097-96D9-92C3DE09A90D}"
EndProject
Project("{9A19103F-16F7-4668-BE54-9A1E7A4F7556}") = "HAL.Documentation.ATI", "HAL.Documentation.ATI\HAL.Documentation.ATI.csproj", "{E09687EB-0609-48F1-B687-1AFA7F427CB6}"
EndProject
Project("{9A19103F-16F7-4668-BE54-9A1E7A4F7556}") = "HAL.Documentation.ArduinoDistanceSensor", "HAL.Documentation.ArduinoDistanceSensor\HAL.Documentation.ArduinoDistanceSensor.csproj", "{883CE1A8-926E-437D-9B70-D2663B9F687C}"
EndProject
Project("{9A19103F-16F7-4668-BE54-9A1E7A4F7556}") = "HAL.Documentation.SensorFusion", "HAL.Documentation.FusionOptiTrackATI\HAL.Documentation.SensorFusion.csproj", "{A0D71DAE-981D-4F65-BF4A-D93A129F57A9}"
EndProject
Global
	GlobalSection(SolutionConfigurationPlatforms) = preSolution
		Debug|Any CPU = Debug|Any CPU
		DebugLocalRefs|Any CPU = DebugLocalRefs|Any CPU
		Release|Any CPU = Release|Any CPU
	EndGlobalSection
	GlobalSection(ProjectConfigurationPlatforms) = postSolution
		{9B53A959-4E08-4AAD-85A5-35FC1BF1C365}.Debug|Any CPU.ActiveCfg = Debug|Any CPU
		{9B53A959-4E08-4AAD-85A5-35FC1BF1C365}.Debug|Any CPU.Build.0 = Debug|Any CPU
		{9B53A959-4E08-4AAD-85A5-35FC1BF1C365}.DebugLocalRefs|Any CPU.ActiveCfg = DebugLocalRefs|Any CPU
		{9B53A959-4E08-4AAD-85A5-35FC1BF1C365}.DebugLocalRefs|Any CPU.Build.0 = DebugLocalRefs|Any CPU
		{9B53A959-4E08-4AAD-85A5-35FC1BF1C365}.Release|Any CPU.ActiveCfg = Release|Any CPU
		{9B53A959-4E08-4AAD-85A5-35FC1BF1C365}.Release|Any CPU.Build.0 = Release|Any CPU
		{518A9036-3954-4097-96D9-92C3DE09A90D}.Debug|Any CPU.ActiveCfg = Debug|Any CPU
		{518A9036-3954-4097-96D9-92C3DE09A90D}.Debug|Any CPU.Build.0 = Debug|Any CPU
		{518A9036-3954-4097-96D9-92C3DE09A90D}.DebugLocalRefs|Any CPU.ActiveCfg = DebugLocalRefs|Any CPU
		{518A9036-3954-4097-96D9-92C3DE09A90D}.DebugLocalRefs|Any CPU.Build.0 = DebugLocalRefs|Any CPU
		{518A9036-3954-4097-96D9-92C3DE09A90D}.Release|Any CPU.ActiveCfg = Release|Any CPU
		{518A9036-3954-4097-96D9-92C3DE09A90D}.Release|Any CPU.Build.0 = Release|Any CPU
		{E09687EB-0609-48F1-B687-1AFA7F427CB6}.Debug|Any CPU.ActiveCfg = Debug|Any CPU
		{E09687EB-0609-48F1-B687-1AFA7F427CB6}.Debug|Any CPU.Build.0 = Debug|Any CPU
		{E09687EB-0609-48F1-B687-1AFA7F427CB6}.DebugLocalRefs|Any CPU.ActiveCfg = DebugLocalRefs|Any CPU
		{E09687EB-0609-48F1-B687-1AFA7F427CB6}.DebugLocalRefs|Any CPU.Build.0 = DebugLocalRefs|Any CPU
		{E09687EB-0609-48F1-B687-1AFA7F427CB6}.Release|Any CPU.ActiveCfg = Release|Any CPU
		{E09687EB-0609-48F1-B687-1AFA7F427CB6}.Release|Any CPU.Build.0 = Release|Any CPU
		{883CE1A8-926E-437D-9B70-D2663B9F687C}.Debug|Any CPU.ActiveCfg = Debug|Any CPU
		{883CE1A8-926E-437D-9B70-D2663B9F687C}.Debug|Any CPU.Build.0 = Debug|Any CPU
		{883CE1A8-926E-437D-9B70-D2663B9F687C}.DebugLocalRefs|Any CPU.ActiveCfg = DebugLocalRefs|Any CPU
		{883CE1A8-926E-437D-9B70-D2663B9F687C}.DebugLocalRefs|Any CPU.Build.0 = DebugLocalRefs|Any CPU
		{883CE1A8-926E-437D-9B70-D2663B9F687C}.Release|Any CPU.ActiveCfg = Release|Any CPU
		{883CE1A8-926E-437D-9B70-D2663B9F687C}.Release|Any CPU.Build.0 = Release|Any CPU
		{A0D71DAE-981D-4F65-BF4A-D93A129F57A9}.Debug|Any CPU.ActiveCfg = Debug|Any CPU
		{A0D71DAE-981D-4F65-BF4A-D93A129F57A9}.Debug|Any CPU.Build.0 = Debug|Any CPU
		{A0D71DAE-981D-4F65-BF4A-D93A129F57A9}.DebugLocalRefs|Any CPU.ActiveCfg = DebugLocalRefs|Any CPU
		{A0D71DAE-981D-4F65-BF4A-D93A129F57A9}.DebugLocalRefs|Any CPU.Build.0 = DebugLocalRefs|Any CPU
		{A0D71DAE-981D-4F65-BF4A-D93A129F57A9}.Release|Any CPU.ActiveCfg = Release|Any CPU
		{A0D71DAE-981D-4F65-BF4A-D93A129F57A9}.Release|Any CPU.Build.0 = Release|Any CPU
	EndGlobalSection
	GlobalSection(SolutionProperties) = preSolution
		HideSolutionNode = FALSE
	EndGlobalSection
	GlobalSection(ExtensibilityGlobals) = postSolution
		SolutionGuid = {1A34E153-662F-4898-BB0C-C37D4A2E8A86}
	EndGlobalSection
EndGlobal
